
Microsoft Visual Studio Solution File, Format Version 12.00
# Visual Studio Version 17
VisualStudioVersion = 17.8.34316.72
MinimumVisualStudioVersion = 10.0.40219.1
Project("{9A19103F-16F7-4668-BE54-9A1E7A4F7556}") = "MultiFoods-Backend", "MultiFoods-Backend\MultiFoods-Backend.csproj", "{12385475-BE3E-410A-8BAE-52969BFE4F0C}"
EndProject
Project("{FAE04EC0-301F-11D3-BF4B-00C04F79EFBC}") = "MFB_UnitTests", "MFB_UnitTests\MFB_UnitTests.csproj", "{2106A3ED-5043-4A2E-94AB-6A10BBE215B4}"
EndProject
Global
	GlobalSection(SolutionConfigurationPlatforms) = preSolution
		Debug|Any CPU = Debug|Any CPU
		Release|Any CPU = Release|Any CPU
	EndGlobalSection
	GlobalSection(ProjectConfigurationPlatforms) = postSolution
		{12385475-BE3E-410A-8BAE-52969BFE4F0C}.Debug|Any CPU.ActiveCfg = Debug|Any CPU
		{12385475-BE3E-410A-8BAE-52969BFE4F0C}.Debug|Any CPU.Build.0 = Debug|Any CPU
		{12385475-BE3E-410A-8BAE-52969BFE4F0C}.Release|Any CPU.ActiveCfg = Release|Any CPU
		{12385475-BE3E-410A-8BAE-52969BFE4F0C}.Release|Any CPU.Build.0 = Release|Any CPU
		{2106A3ED-5043-4A2E-94AB-6A10BBE215B4}.Debug|Any CPU.ActiveCfg = Debug|Any CPU
		{2106A3ED-5043-4A2E-94AB-6A10BBE215B4}.Debug|Any CPU.Build.0 = Debug|Any CPU
		{2106A3ED-5043-4A2E-94AB-6A10BBE215B4}.Release|Any CPU.ActiveCfg = Release|Any CPU
		{2106A3ED-5043-4A2E-94AB-6A10BBE215B4}.Release|Any CPU.Build.0 = Release|Any CPU
	EndGlobalSection
	GlobalSection(SolutionProperties) = preSolution
		HideSolutionNode = FALSE
	EndGlobalSection
	GlobalSection(ExtensibilityGlobals) = postSolution
		SolutionGuid = {972BCBD9-711B-4F7E-ABAE-832E51F4D1E9}
	EndGlobalSection
EndGlobal
